# This file is automatically @generated by Cargo.
# It is not intended for manual editing.
version = 4

[[package]]
name = "advent_of_code_2024"
version = "0.0.0"
dependencies = [
 "day01",
 "util",
]

[[package]]
name = "day01"
version = "0.1.0"
dependencies = [
 "util",
]

[[package]]
name = "util"
version = "0.1.0"
